
Microsoft Visual Studio Solution File, Format Version 12.00
Project("{FAE04EC0-301F-11D3-BF4B-00C04F79EFBC}") = "FigureArea", "FigureArea\FigureArea.csproj", "{C30CA094-07B9-434A-A145-C1807EF9004C}"
EndProject
Project("{FAE04EC0-301F-11D3-BF4B-00C04F79EFBC}") = "AreaCalculationTests", "AreaCalculationTests\AreaCalculationTests.csproj", "{C306F90D-587F-4542-AB91-D104804A27C6}"
EndProject
Global
	GlobalSection(SolutionConfigurationPlatforms) = preSolution
		Debug|Any CPU = Debug|Any CPU
		Release|Any CPU = Release|Any CPU
	EndGlobalSection
	GlobalSection(ProjectConfigurationPlatforms) = postSolution
		{C30CA094-07B9-434A-A145-C1807EF9004C}.Debug|Any CPU.ActiveCfg = Debug|Any CPU
		{C30CA094-07B9-434A-A145-C1807EF9004C}.Debug|Any CPU.Build.0 = Debug|Any CPU
		{C30CA094-07B9-434A-A145-C1807EF9004C}.Release|Any CPU.ActiveCfg = Release|Any CPU
		{C30CA094-07B9-434A-A145-C1807EF9004C}.Release|Any CPU.Build.0 = Release|Any CPU
		{C306F90D-587F-4542-AB91-D104804A27C6}.Debug|Any CPU.ActiveCfg = Debug|Any CPU
		{C306F90D-587F-4542-AB91-D104804A27C6}.Debug|Any CPU.Build.0 = Debug|Any CPU
		{C306F90D-587F-4542-AB91-D104804A27C6}.Release|Any CPU.ActiveCfg = Release|Any CPU
		{C306F90D-587F-4542-AB91-D104804A27C6}.Release|Any CPU.Build.0 = Release|Any CPU
	EndGlobalSection
EndGlobal
